PODS:
  - GoogleMaps (7.0.0):
    - GoogleMaps/Maps (= 7.0.0)
  - GoogleMaps/Base (7.0.0)
  - GoogleMaps/Maps (7.0.0):
    - GoogleMaps/Base
  - GooglePlaces (7.0.0)

DEPENDENCIES:
  - GoogleMaps
  - GooglePlaces

SPEC REPOS:
  https://github.com/CocoaPods/Specs.git:
    - GoogleMaps
    - GooglePlaces

SPEC CHECKSUMS:
  GoogleMaps: 6e9c923ca035989709fcb5771544fda4cc5fa2a4
  GooglePlaces: 8dba710bed6160a2e4b85e84aaafdbcc0b4010d8

PODFILE CHECKSUM: 2a6e75f5f2d50a8a7fcbcc4e289b50292a68ccf8

COCOAPODS: 1.11.3
